
Microsoft Visual Studio Solution File, Format Version 12.00
# Visual Studio Version 17
VisualStudioVersion = 17.9.34728.123
MinimumVisualStudioVersion = 10.0.40219.1
Project("{FAE04EC0-301F-11D3-BF4B-00C04F79EFBC}") = "Week7Functions", "Week7\Week7Functions.csproj", "{969F5875-9743-44C5-BA15-D87532D1FCF4}"
EndProject
Project("{FAE04EC0-301F-11D3-BF4B-00C04F79EFBC}") = "ArgumentsAndParameters", "ArgumentsAndParameters\ArgumentsAndParameters.csproj", "{761F2667-43B6-4428-B9AA-F0F1A1587356}"
EndProject
Project("{FAE04EC0-301F-11D3-BF4B-00C04F79EFBC}") = "Calculator", "Calculator\Calculator.csproj", "{E10CB89C-9CBF-41C5-9F20-7790BC4C82CE}"
EndProject
Project("{FAE04EC0-301F-11D3-BF4B-00C04F79EFBC}") = "DiscountCalculator", "DiscountCalculator\DiscountCalculator.csproj", "{127DD6D9-8CF9-481E-B53D-CCD10F92EBFF}"
EndProject
Project("{FAE04EC0-301F-11D3-BF4B-00C04F79EFBC}") = "TemperatureCalculator", "TemperatureCalculator\TemperatureCalculator.csproj", "{3A8F1916-568A-4115-815E-5A204785BDCC}"
EndProject
Project("{FAE04EC0-301F-11D3-BF4B-00C04F79EFBC}") = "Test", "Test\Test.csproj", "{BF3A7AFD-D08F-493A-B559-724CB8899F9E}"
EndProject
Global
	GlobalSection(SolutionConfigurationPlatforms) = preSolution
		Debug|Any CPU = Debug|Any CPU
		Release|Any CPU = Release|Any CPU
	EndGlobalSection
	GlobalSection(ProjectConfigurationPlatforms) = postSolution
		{969F5875-9743-44C5-BA15-D87532D1FCF4}.Debug|Any CPU.ActiveCfg = Debug|Any CPU
		{969F5875-9743-44C5-BA15-D87532D1FCF4}.Debug|Any CPU.Build.0 = Debug|Any CPU
		{969F5875-9743-44C5-BA15-D87532D1FCF4}.Release|Any CPU.ActiveCfg = Release|Any CPU
		{969F5875-9743-44C5-BA15-D87532D1FCF4}.Release|Any CPU.Build.0 = Release|Any CPU
		{761F2667-43B6-4428-B9AA-F0F1A1587356}.Debug|Any CPU.ActiveCfg = Debug|Any CPU
		{761F2667-43B6-4428-B9AA-F0F1A1587356}.Debug|Any CPU.Build.0 = Debug|Any CPU
		{761F2667-43B6-4428-B9AA-F0F1A1587356}.Release|Any CPU.ActiveCfg = Release|Any CPU
		{761F2667-43B6-4428-B9AA-F0F1A1587356}.Release|Any CPU.Build.0 = Release|Any CPU
		{E10CB89C-9CBF-41C5-9F20-7790BC4C82CE}.Debug|Any CPU.ActiveCfg = Debug|Any CPU
		{E10CB89C-9CBF-41C5-9F20-7790BC4C82CE}.Debug|Any CPU.Build.0 = Debug|Any CPU
		{E10CB89C-9CBF-41C5-9F20-7790BC4C82CE}.Release|Any CPU.ActiveCfg = Release|Any CPU
		{E10CB89C-9CBF-41C5-9F20-7790BC4C82CE}.Release|Any CPU.Build.0 = Release|Any CPU
		{127DD6D9-8CF9-481E-B53D-CCD10F92EBFF}.Debug|Any CPU.ActiveCfg = Debug|Any CPU
		{127DD6D9-8CF9-481E-B53D-CCD10F92EBFF}.Debug|Any CPU.Build.0 = Debug|Any CPU
		{127DD6D9-8CF9-481E-B53D-CCD10F92EBFF}.Release|Any CPU.ActiveCfg = Release|Any CPU
		{127DD6D9-8CF9-481E-B53D-CCD10F92EBFF}.Release|Any CPU.Build.0 = Release|Any CPU
		{3A8F1916-568A-4115-815E-5A204785BDCC}.Debug|Any CPU.ActiveCfg = Debug|Any CPU
		{3A8F1916-568A-4115-815E-5A204785BDCC}.Debug|Any CPU.Build.0 = Debug|Any CPU
		{3A8F1916-568A-4115-815E-5A204785BDCC}.Release|Any CPU.ActiveCfg = Release|Any CPU
		{3A8F1916-568A-4115-815E-5A204785BDCC}.Release|Any CPU.Build.0 = Release|Any CPU
		{BF3A7AFD-D08F-493A-B559-724CB8899F9E}.Debug|Any CPU.ActiveCfg = Debug|Any CPU
		{BF3A7AFD-D08F-493A-B559-724CB8899F9E}.Debug|Any CPU.Build.0 = Debug|Any CPU
		{BF3A7AFD-D08F-493A-B559-724CB8899F9E}.Release|Any CPU.ActiveCfg = Release|Any CPU
		{BF3A7AFD-D08F-493A-B559-724CB8899F9E}.Release|Any CPU.Build.0 = Release|Any CPU
	EndGlobalSection
	GlobalSection(SolutionProperties) = preSolution
		HideSolutionNode = FALSE
	EndGlobalSection
	GlobalSection(ExtensibilityGlobals) = postSolution
		SolutionGuid = {C6D1A592-A148-406C-A091-38366A5BFCE6}
	EndGlobalSection
EndGlobal
